
Microsoft Visual Studio Solution File, Format Version 12.00
# Visual Studio 15
VisualStudioVersion = 15.0.26124.0
MinimumVisualStudioVersion = 15.0.26124.0
Project("{2150E333-8FDC-42A3-9474-1A3956D46DE8}") = "src", "src", "{F7AC6E61-44D9-47D9-8AA1-B8816A092F77}"
EndProject
Project("{FAE04EC0-301F-11D3-BF4B-00C04F79EFBC}") = "Manager.API", "src\1 - Manager.API\Manager.API.csproj", "{B8DCCB91-673E-4EF6-B37A-1E1661CB01CE}"
EndProject
Project("{FAE04EC0-301F-11D3-BF4B-00C04F79EFBC}") = "Manager.Domain", "src\2 - Manager.Domain\Manager.Domain.csproj", "{C094F31B-AE1F-427E-8F56-FF6E998AE5FA}"
EndProject
Project("{FAE04EC0-301F-11D3-BF4B-00C04F79EFBC}") = "Manager.Services", "src\3 - Manager.Services\Manager.Services.csproj", "{FB498E4E-A100-4C9B-9B9C-9947EB944618}"
EndProject
Project("{FAE04EC0-301F-11D3-BF4B-00C04F79EFBC}") = "Manager.Infra", "src\4 - Manager.Infra\Manager.Infra.csproj", "{8EA797A1-B73C-404F-818D-88ACC439D5C3}"
EndProject
Project("{FAE04EC0-301F-11D3-BF4B-00C04F79EFBC}") = "Manager.Core", "src\5 - Manager.Core\Manager.Core.csproj", "{1405695B-6788-406C-B6C4-0190DD34E8C2}"
EndProject
Global
	GlobalSection(SolutionConfigurationPlatforms) = preSolution
		Debug|Any CPU = Debug|Any CPU
		Debug|x64 = Debug|x64
		Debug|x86 = Debug|x86
		Release|Any CPU = Release|Any CPU
		Release|x64 = Release|x64
		Release|x86 = Release|x86
	EndGlobalSection
	GlobalSection(SolutionProperties) = preSolution
		HideSolutionNode = FALSE
	EndGlobalSection
	GlobalSection(ProjectConfigurationPlatforms) = postSolution
		{B8DCCB91-673E-4EF6-B37A-1E1661CB01CE}.Debug|Any CPU.ActiveCfg = Debug|Any CPU
		{B8DCCB91-673E-4EF6-B37A-1E1661CB01CE}.Debug|Any CPU.Build.0 = Debug|Any CPU
		{B8DCCB91-673E-4EF6-B37A-1E1661CB01CE}.Debug|x64.ActiveCfg = Debug|Any CPU
		{B8DCCB91-673E-4EF6-B37A-1E1661CB01CE}.Debug|x64.Build.0 = Debug|Any CPU
		{B8DCCB91-673E-4EF6-B37A-1E1661CB01CE}.Debug|x86.ActiveCfg = Debug|Any CPU
		{B8DCCB91-673E-4EF6-B37A-1E1661CB01CE}.Debug|x86.Build.0 = Debug|Any CPU
		{B8DCCB91-673E-4EF6-B37A-1E1661CB01CE}.Release|Any CPU.ActiveCfg = Release|Any CPU
		{B8DCCB91-673E-4EF6-B37A-1E1661CB01CE}.Release|Any CPU.Build.0 = Release|Any CPU
		{B8DCCB91-673E-4EF6-B37A-1E1661CB01CE}.Release|x64.ActiveCfg = Release|Any CPU
		{B8DCCB91-673E-4EF6-B37A-1E1661CB01CE}.Release|x64.Build.0 = Release|Any CPU
		{B8DCCB91-673E-4EF6-B37A-1E1661CB01CE}.Release|x86.ActiveCfg = Release|Any CPU
		{B8DCCB91-673E-4EF6-B37A-1E1661CB01CE}.Release|x86.Build.0 = Release|Any CPU
		{C094F31B-AE1F-427E-8F56-FF6E998AE5FA}.Debug|Any CPU.ActiveCfg = Debug|Any CPU
		{C094F31B-AE1F-427E-8F56-FF6E998AE5FA}.Debug|Any CPU.Build.0 = Debug|Any CPU
		{C094F31B-AE1F-427E-8F56-FF6E998AE5FA}.Debug|x64.ActiveCfg = Debug|Any CPU
		{C094F31B-AE1F-427E-8F56-FF6E998AE5FA}.Debug|x64.Build.0 = Debug|Any CPU
		{C094F31B-AE1F-427E-8F56-FF6E998AE5FA}.Debug|x86.ActiveCfg = Debug|Any CPU
		{C094F31B-AE1F-427E-8F56-FF6E998AE5FA}.Debug|x86.Build.0 = Debug|Any CPU
		{C094F31B-AE1F-427E-8F56-FF6E998AE5FA}.Release|Any CPU.ActiveCfg = Release|Any CPU
		{C094F31B-AE1F-427E-8F56-FF6E998AE5FA}.Release|Any CPU.Build.0 = Release|Any CPU
		{C094F31B-AE1F-427E-8F56-FF6E998AE5FA}.Release|x64.ActiveCfg = Release|Any CPU
		{C094F31B-AE1F-427E-8F56-FF6E998AE5FA}.Release|x64.Build.0 = Release|Any CPU
		{C094F31B-AE1F-427E-8F56-FF6E998AE5FA}.Release|x86.ActiveCfg = Release|Any CPU
		{C094F31B-AE1F-427E-8F56-FF6E998AE5FA}.Release|x86.Build.0 = Release|Any CPU
		{FB498E4E-A100-4C9B-9B9C-9947EB944618}.Debug|Any CPU.ActiveCfg = Debug|Any CPU
		{FB498E4E-A100-4C9B-9B9C-9947EB944618}.Debug|Any CPU.Build.0 = Debug|Any CPU
		{FB498E4E-A100-4C9B-9B9C-9947EB944618}.Debug|x64.ActiveCfg = Debug|Any CPU
		{FB498E4E-A100-4C9B-9B9C-9947EB944618}.Debug|x64.Build.0 = Debug|Any CPU
		{FB498E4E-A100-4C9B-9B9C-9947EB944618}.Debug|x86.ActiveCfg = Debug|Any CPU
		{FB498E4E-A100-4C9B-9B9C-9947EB944618}.Debug|x86.Build.0 = Debug|Any CPU
		{FB498E4E-A100-4C9B-9B9C-9947EB944618}.Release|Any CPU.ActiveCfg = Release|Any CPU
		{FB498E4E-A100-4C9B-9B9C-9947EB944618}.Release|Any CPU.Build.0 = Release|Any CPU
		{FB498E4E-A100-4C9B-9B9C-9947EB944618}.Release|x64.ActiveCfg = Release|Any CPU
		{FB498E4E-A100-4C9B-9B9C-9947EB944618}.Release|x64.Build.0 = Release|Any CPU
		{FB498E4E-A100-4C9B-9B9C-9947EB944618}.Release|x86.ActiveCfg = Release|Any CPU
		{FB498E4E-A100-4C9B-9B9C-9947EB944618}.Release|x86.Build.0 = Release|Any CPU
		{8EA797A1-B73C-404F-818D-88ACC439D5C3}.Debug|Any CPU.ActiveCfg = Debug|Any CPU
		{8EA797A1-B73C-404F-818D-88ACC439D5C3}.Debug|Any CPU.Build.0 = Debug|Any CPU
		{8EA797A1-B73C-404F-818D-88ACC439D5C3}.Debug|x64.ActiveCfg = Debug|Any CPU
		{8EA797A1-B73C-404F-818D-88ACC439D5C3}.Debug|x64.Build.0 = Debug|Any CPU
		{8EA797A1-B73C-404F-818D-88ACC439D5C3}.Debug|x86.ActiveCfg = Debug|Any CPU
		{8EA797A1-B73C-404F-818D-88ACC439D5C3}.Debug|x86.Build.0 = Debug|Any CPU
		{8EA797A1-B73C-404F-818D-88ACC439D5C3}.Release|Any CPU.ActiveCfg = Release|Any CPU
		{8EA797A1-B73C-404F-818D-88ACC439D5C3}.Release|Any CPU.Build.0 = Release|Any CPU
		{8EA797A1-B73C-404F-818D-88ACC439D5C3}.Release|x64.ActiveCfg = Release|Any CPU
		{8EA797A1-B73C-404F-818D-88ACC439D5C3}.Release|x64.Build.0 = Release|Any CPU
		{8EA797A1-B73C-404F-818D-88ACC439D5C3}.Release|x86.ActiveCfg = Release|Any CPU
		{8EA797A1-B73C-404F-818D-88ACC439D5C3}.Release|x86.Build.0 = Release|Any CPU
		{1405695B-6788-406C-B6C4-0190DD34E8C2}.Debug|Any CPU.ActiveCfg = Debug|Any CPU
		{1405695B-6788-406C-B6C4-0190DD34E8C2}.Debug|Any CPU.Build.0 = Debug|Any CPU
		{1405695B-6788-406C-B6C4-0190DD34E8C2}.Debug|x64.ActiveCfg = Debug|Any CPU
		{1405695B-6788-406C-B6C4-0190DD34E8C2}.Debug|x64.Build.0 = Debug|Any CPU
		{1405695B-6788-406C-B6C4-0190DD34E8C2}.Debug|x86.ActiveCfg = Debug|Any CPU
		{1405695B-6788-406C-B6C4-0190DD34E8C2}.Debug|x86.Build.0 = Debug|Any CPU
		{1405695B-6788-406C-B6C4-0190DD34E8C2}.Release|Any CPU.ActiveCfg = Release|Any CPU
		{1405695B-6788-406C-B6C4-0190DD34E8C2}.Release|Any CPU.Build.0 = Release|Any CPU
		{1405695B-6788-406C-B6C4-0190DD34E8C2}.Release|x64.ActiveCfg = Release|Any CPU
		{1405695B-6788-406C-B6C4-0190DD34E8C2}.Release|x64.Build.0 = Release|Any CPU
		{1405695B-6788-406C-B6C4-0190DD34E8C2}.Release|x86.ActiveCfg = Release|Any CPU
		{1405695B-6788-406C-B6C4-0190DD34E8C2}.Release|x86.Build.0 = Release|Any CPU
	EndGlobalSection
	GlobalSection(NestedProjects) = preSolution
		{B8DCCB91-673E-4EF6-B37A-1E1661CB01CE} = {F7AC6E61-44D9-47D9-8AA1-B8816A092F77}
		{C094F31B-AE1F-427E-8F56-FF6E998AE5FA} = {F7AC6E61-44D9-47D9-8AA1-B8816A092F77}
		{FB498E4E-A100-4C9B-9B9C-9947EB944618} = {F7AC6E61-44D9-47D9-8AA1-B8816A092F77}
		{8EA797A1-B73C-404F-818D-88ACC439D5C3} = {F7AC6E61-44D9-47D9-8AA1-B8816A092F77}
		{1405695B-6788-406C-B6C4-0190DD34E8C2} = {F7AC6E61-44D9-47D9-8AA1-B8816A092F77}
	EndGlobalSection
EndGlobal
